
Microsoft Visual Studio Solution File, Format Version 12.00
# Visual Studio 14
VisualStudioVersion = 14.0.24720.0
MinimumVisualStudioVersion = 10.0.40219.1
Project("{FAE04EC0-301F-11D3-BF4B-00C04F79EFBC}") = "CStrike2D", "cstrike2d\cstrike2d\CStrike2D.csproj", "{D92D0866-E82B-4DA1-8E4F-A057DF9D134B}"
EndProject
Project("{FAE04EC0-301F-11D3-BF4B-00C04F79EFBC}") = "CStrike2DContent", "cstrike2d\cstrike2dContent\CStrike2DContent.contentproj", "{F46D388C-0413-43D7-8E0D-17A51FF85160}"
EndProject
Project("{FAE04EC0-301F-11D3-BF4B-00C04F79EFBC}") = "CStrike2DServer", "CStrike2DServer\CStrike2DServer.csproj", "{4AAA5101-3661-406A-BCCC-45147412EE39}"
EndProject
Global
	GlobalSection(SolutionConfigurationPlatforms) = preSolution
		Debug|Any CPU = Debug|Any CPU
		Debug|x86 = Debug|x86
		Release|Any CPU = Release|Any CPU
		Release|x86 = Release|x86
	EndGlobalSection
	GlobalSection(ProjectConfigurationPlatforms) = postSolution
		{D92D0866-E82B-4DA1-8E4F-A057DF9D134B}.Debug|Any CPU.ActiveCfg = Debug|x86
		{D92D0866-E82B-4DA1-8E4F-A057DF9D134B}.Debug|Any CPU.Build.0 = Debug|x86
		{D92D0866-E82B-4DA1-8E4F-A057DF9D134B}.Debug|x86.ActiveCfg = Debug|x86
		{D92D0866-E82B-4DA1-8E4F-A057DF9D134B}.Debug|x86.Build.0 = Debug|x86
		{D92D0866-E82B-4DA1-8E4F-A057DF9D134B}.Release|Any CPU.ActiveCfg = Release|x86
		{D92D0866-E82B-4DA1-8E4F-A057DF9D134B}.Release|x86.ActiveCfg = Release|x86
		{D92D0866-E82B-4DA1-8E4F-A057DF9D134B}.Release|x86.Build.0 = Release|x86
		{F46D388C-0413-43D7-8E0D-17A51FF85160}.Debug|Any CPU.ActiveCfg = Debug|x86
		{F46D388C-0413-43D7-8E0D-17A51FF85160}.Debug|x86.ActiveCfg = Debug|x86
		{F46D388C-0413-43D7-8E0D-17A51FF85160}.Release|Any CPU.ActiveCfg = Release|x86
		{F46D388C-0413-43D7-8E0D-17A51FF85160}.Release|x86.ActiveCfg = Release|x86
		{4AAA5101-3661-406A-BCCC-45147412EE39}.Debug|Any CPU.ActiveCfg = Debug|Any CPU
		{4AAA5101-3661-406A-BCCC-45147412EE39}.Debug|Any CPU.Build.0 = Debug|Any CPU
		{4AAA5101-3661-406A-BCCC-45147412EE39}.Debug|x86.ActiveCfg = Debug|Any CPU
		{4AAA5101-3661-406A-BCCC-45147412EE39}.Debug|x86.Build.0 = Debug|Any CPU
		{4AAA5101-3661-406A-BCCC-45147412EE39}.Release|Any CPU.ActiveCfg = Release|Any CPU
		{4AAA5101-3661-406A-BCCC-45147412EE39}.Release|Any CPU.Build.0 = Release|Any CPU
		{4AAA5101-3661-406A-BCCC-45147412EE39}.Release|x86.ActiveCfg = Release|Any CPU
		{4AAA5101-3661-406A-BCCC-45147412EE39}.Release|x86.Build.0 = Release|Any CPU
	EndGlobalSection
	GlobalSection(SolutionProperties) = preSolution
		HideSolutionNode = FALSE
	EndGlobalSection
EndGlobal
